
Microsoft Visual Studio Solution File, Format Version 12.00
# Visual Studio Version 17
VisualStudioVersion = 17.8.34330.188
MinimumVisualStudioVersion = 10.0.40219.1
Project("{FAE04EC0-301F-11D3-BF4B-00C04F79EFBC}") = "FileSericeWorker", "FileSericeWorker\FileSericeWorker.csproj", "{E59B0F04-E5E7-48BD-908C-9DB53AD4E866}"
EndProject
Global
	GlobalSection(SolutionConfigurationPlatforms) = preSolution
		Debug|Any CPU = Debug|Any CPU
		Release|Any CPU = Release|Any CPU
	EndGlobalSection
	GlobalSection(ProjectConfigurationPlatforms) = postSolution
		{E59B0F04-E5E7-48BD-908C-9DB53AD4E866}.Debug|Any CPU.ActiveCfg = Debug|Any CPU
		{E59B0F04-E5E7-48BD-908C-9DB53AD4E866}.Debug|Any CPU.Build.0 = Debug|Any CPU
		{E59B0F04-E5E7-48BD-908C-9DB53AD4E866}.Release|Any CPU.ActiveCfg = Release|Any CPU
		{E59B0F04-E5E7-48BD-908C-9DB53AD4E866}.Release|Any CPU.Build.0 = Release|Any CPU
	EndGlobalSection
	GlobalSection(SolutionProperties) = preSolution
		HideSolutionNode = FALSE
	EndGlobalSection
	GlobalSection(ExtensibilityGlobals) = postSolution
		SolutionGuid = {86AEDD15-DCD6-4D8C-A586-478B012A5C62}
	EndGlobalSection
EndGlobal
